
Microsoft Visual Studio Solution File, Format Version 12.00
# Visual Studio Version 17
VisualStudioVersion = 17.7.34024.191
MinimumVisualStudioVersion = 10.0.40219.1
Project("{9A19103F-16F7-4668-BE54-9A1E7A4F7556}") = "Frms", "Frms.csproj", "{E3EADD08-0CFD-42E0-ADAE-19D1CB0C3D00}"
EndProject
Project("{9A19103F-16F7-4668-BE54-9A1E7A4F7556}") = "Biblioteca", "..\Biblioteca\Biblioteca.csproj", "{E4A59C1D-5382-4116-8EF4-85CE85B6E1E7}"
EndProject
Project("{FAE04EC0-301F-11D3-BF4B-00C04F79EFBC}") = "Testing", "..\PruebasSispro\Testing.csproj", "{F4CA5D17-CE53-47D0-AE6C-4D20571F44C1}"
EndProject
Global
	GlobalSection(SolutionConfigurationPlatforms) = preSolution
		Debug|Any CPU = Debug|Any CPU
		Release|Any CPU = Release|Any CPU
	EndGlobalSection
	GlobalSection(ProjectConfigurationPlatforms) = postSolution
		{E3EADD08-0CFD-42E0-ADAE-19D1CB0C3D00}.Debug|Any CPU.ActiveCfg = Debug|Any CPU
		{E3EADD08-0CFD-42E0-ADAE-19D1CB0C3D00}.Debug|Any CPU.Build.0 = Debug|Any CPU
		{E3EADD08-0CFD-42E0-ADAE-19D1CB0C3D00}.Release|Any CPU.ActiveCfg = Release|Any CPU
		{E3EADD08-0CFD-42E0-ADAE-19D1CB0C3D00}.Release|Any CPU.Build.0 = Release|Any CPU
		{E4A59C1D-5382-4116-8EF4-85CE85B6E1E7}.Debug|Any CPU.ActiveCfg = Debug|Any CPU
		{E4A59C1D-5382-4116-8EF4-85CE85B6E1E7}.Debug|Any CPU.Build.0 = Debug|Any CPU
		{E4A59C1D-5382-4116-8EF4-85CE85B6E1E7}.Release|Any CPU.ActiveCfg = Release|Any CPU
		{E4A59C1D-5382-4116-8EF4-85CE85B6E1E7}.Release|Any CPU.Build.0 = Release|Any CPU
		{F4CA5D17-CE53-47D0-AE6C-4D20571F44C1}.Debug|Any CPU.ActiveCfg = Debug|Any CPU
		{F4CA5D17-CE53-47D0-AE6C-4D20571F44C1}.Debug|Any CPU.Build.0 = Debug|Any CPU
		{F4CA5D17-CE53-47D0-AE6C-4D20571F44C1}.Release|Any CPU.ActiveCfg = Release|Any CPU
		{F4CA5D17-CE53-47D0-AE6C-4D20571F44C1}.Release|Any CPU.Build.0 = Release|Any CPU
	EndGlobalSection
	GlobalSection(SolutionProperties) = preSolution
		HideSolutionNode = FALSE
	EndGlobalSection
	GlobalSection(ExtensibilityGlobals) = postSolution
		SolutionGuid = {533C57A1-91AC-4C91-BC81-01E64EAF6856}
	EndGlobalSection
EndGlobal
